
Microsoft Visual Studio Solution File, Format Version 12.00
# Visual Studio Version 16
VisualStudioVersion = 16.0.30413.136
MinimumVisualStudioVersion = 10.0.40219.1
Project("{FAE04EC0-301F-11D3-BF4B-00C04F79EFBC}") = "Kiralynok", "Kiralynok\Kiralynok.csproj", "{F3792F53-6AF2-41AB-887F-5FCFD6F758DD}"
EndProject
Global
	GlobalSection(SolutionConfigurationPlatforms) = preSolution
		Debug|Any CPU = Debug|Any CPU
		Release|Any CPU = Release|Any CPU
	EndGlobalSection
	GlobalSection(ProjectConfigurationPlatforms) = postSolution
		{F3792F53-6AF2-41AB-887F-5FCFD6F758DD}.Debug|Any CPU.ActiveCfg = Debug|Any CPU
		{F3792F53-6AF2-41AB-887F-5FCFD6F758DD}.Debug|Any CPU.Build.0 = Debug|Any CPU
		{F3792F53-6AF2-41AB-887F-5FCFD6F758DD}.Release|Any CPU.ActiveCfg = Release|Any CPU
		{F3792F53-6AF2-41AB-887F-5FCFD6F758DD}.Release|Any CPU.Build.0 = Release|Any CPU
	EndGlobalSection
	GlobalSection(SolutionProperties) = preSolution
		HideSolutionNode = FALSE
	EndGlobalSection
	GlobalSection(ExtensibilityGlobals) = postSolution
		SolutionGuid = {8C1D29EF-EFAE-4A0E-BD86-C419FA62364A}
	EndGlobalSection
EndGlobal
